
Microsoft Visual Studio Solution File, Format Version 12.00
# Visual Studio 2013
VisualStudioVersion = 12.0.31101.0
MinimumVisualStudioVersion = 10.0.40219.1
Project("{FAE04EC0-301F-11D3-BF4B-00C04F79EFBC}") = "GitExecutor", "GitExecutor\GitExecutor.csproj", "{D838AEF5-913D-4473-95BA-3939D29F66B7}"
EndProject
Project("{FAE04EC0-301F-11D3-BF4B-00C04F79EFBC}") = "GitExecutorTest", "GitExecutorTest\GitExecutorTest.csproj", "{29872454-88DD-4270-B72A-CBD9D6E16DE8}"
EndProject
Project("{2150E333-8FDC-42A3-9474-1A3956D46DE8}") = "Solution Items", "Solution Items", "{B8840123-DCB8-4580-B84B-C23FEB1645AD}"
	ProjectSection(SolutionItems) = preProject
		LICENSE = LICENSE
		README.md = README.md
	EndProjectSection
EndProject
Project("{FAE04EC0-301F-11D3-BF4B-00C04F79EFBC}") = "CUIToolHelper", "CUIToolHelper\CUIToolHelper\CUIToolHelper.csproj", "{8FF7F4C1-1C88-47AA-A2A5-6E811F868732}"
EndProject
Project("{FAE04EC0-301F-11D3-BF4B-00C04F79EFBC}") = "FileExecutor", "FileExecutor\FileExecutor.csproj", "{0C65F3D9-791E-475C-8797-1FA4C0ABB177}"
EndProject
Project("{FAE04EC0-301F-11D3-BF4B-00C04F79EFBC}") = "FileExecutorTest", "FileExecutorTest\FileExecutorTest.csproj", "{7C016237-BAD2-4A0D-A447-FAC5B9E8E066}"
EndProject
Global
	GlobalSection(SolutionConfigurationPlatforms) = preSolution
		Debug|Any CPU = Debug|Any CPU
		Release|Any CPU = Release|Any CPU
	EndGlobalSection
	GlobalSection(ProjectConfigurationPlatforms) = postSolution
		{D838AEF5-913D-4473-95BA-3939D29F66B7}.Debug|Any CPU.ActiveCfg = Debug|Any CPU
		{D838AEF5-913D-4473-95BA-3939D29F66B7}.Debug|Any CPU.Build.0 = Debug|Any CPU
		{D838AEF5-913D-4473-95BA-3939D29F66B7}.Release|Any CPU.ActiveCfg = Release|Any CPU
		{D838AEF5-913D-4473-95BA-3939D29F66B7}.Release|Any CPU.Build.0 = Release|Any CPU
		{29872454-88DD-4270-B72A-CBD9D6E16DE8}.Debug|Any CPU.ActiveCfg = Debug|Any CPU
		{29872454-88DD-4270-B72A-CBD9D6E16DE8}.Debug|Any CPU.Build.0 = Debug|Any CPU
		{29872454-88DD-4270-B72A-CBD9D6E16DE8}.Release|Any CPU.ActiveCfg = Release|Any CPU
		{29872454-88DD-4270-B72A-CBD9D6E16DE8}.Release|Any CPU.Build.0 = Release|Any CPU
		{8FF7F4C1-1C88-47AA-A2A5-6E811F868732}.Debug|Any CPU.ActiveCfg = Debug|Any CPU
		{8FF7F4C1-1C88-47AA-A2A5-6E811F868732}.Debug|Any CPU.Build.0 = Debug|Any CPU
		{8FF7F4C1-1C88-47AA-A2A5-6E811F868732}.Release|Any CPU.ActiveCfg = Release|Any CPU
		{8FF7F4C1-1C88-47AA-A2A5-6E811F868732}.Release|Any CPU.Build.0 = Release|Any CPU
		{0C65F3D9-791E-475C-8797-1FA4C0ABB177}.Debug|Any CPU.ActiveCfg = Debug|Any CPU
		{0C65F3D9-791E-475C-8797-1FA4C0ABB177}.Debug|Any CPU.Build.0 = Debug|Any CPU
		{0C65F3D9-791E-475C-8797-1FA4C0ABB177}.Release|Any CPU.ActiveCfg = Release|Any CPU
		{0C65F3D9-791E-475C-8797-1FA4C0ABB177}.Release|Any CPU.Build.0 = Release|Any CPU
		{7C016237-BAD2-4A0D-A447-FAC5B9E8E066}.Debug|Any CPU.ActiveCfg = Debug|Any CPU
		{7C016237-BAD2-4A0D-A447-FAC5B9E8E066}.Debug|Any CPU.Build.0 = Debug|Any CPU
		{7C016237-BAD2-4A0D-A447-FAC5B9E8E066}.Release|Any CPU.ActiveCfg = Release|Any CPU
		{7C016237-BAD2-4A0D-A447-FAC5B9E8E066}.Release|Any CPU.Build.0 = Release|Any CPU
	EndGlobalSection
	GlobalSection(SolutionProperties) = preSolution
		HideSolutionNode = FALSE
	EndGlobalSection
EndGlobal
